<?xml version="1.0" encoding="utf-8"?>
<Project ToolsVersion="4.0" xmlns="http://schemas.microsoft.com/developer/msbuild/2003">
  <ItemGroup>
    <Filter Include="Source Files">
      <UniqueIdentifier>{4FC737F1-C7A5-4376-A066-2A32D752A2FF}</UniqueIdentifier>
      <Extensions>cpp;c;cc;cxx;def;odl;idl;hpj;bat;asm;asmx</Extensions>
    </Filter>
    <Filter Include="Header Files">
      <UniqueIdentifier>{93995380-89BD-4b04-88EB-625FBE52EBFB}</UniqueIdentifier>
      <Extensions>h;hh;hpp;hxx;hm;inl;inc;ipp;xsd</Extensions>
    </Filter>
    <Filter Include="Resource Files">
      <UniqueIdentifier>{67DA6AB6-F800-4c08-8B7A-83BB121AAD01}</UniqueIdentifier>
      <Extensions>rc;ico;cur;bmp;dlg;rc2;rct;bin;rgs;gif;jpg;jpeg;jpe;resx;tiff;tif;png;wav;mfcribbon-ms</Extensions>
    </Filter>
    <Filter Include="Source Files\ext">
      <UniqueIdentifier>{39059743-1834-4b62-85cc-d1f5f02c1de6}</UniqueIdentifier>
    </Filter>
    <Filter Include="Source Files\ext\freetype">
      <UniqueIdentifier>{31254eb8-b9aa-493d-9cc3-4ab35f786ac7}</UniqueIdentifier>
    </Filter>
    <Filter Include="Source Files\ext\freetype\FT_MODULES">
      <UniqueIdentifier>{e8143095-6e88-4f8e-b67a-dcba2d157d7b}</UniqueIdentifier>
    </Filter>
    <Filter Include="Header Files\ext">
      <UniqueIdentifier>{0bd1946b-3af5-4c15-9038-d25dd4d57dfe}</UniqueIdentifier>
    </Filter>
    <Filter Include="Header Files\ext\freetype">
      <UniqueIdentifier>{02a890c6-8e50-44ef-a264-c276611c53fd}</UniqueIdentifier>
    </Filter>
    <Filter Include="Source Files\ext\freetype-gl">
      <UniqueIdentifier>{7dd29d94-29f9-4027-b815-86bbf314309e}</UniqueIdentifier>
    </Filter>
    <Filter Include="Header Files\ext\freetype-gl">
      <UniqueIdentifier>{8ae75958-2a6e-48e9-98b1-6de47e2ee8b7}</UniqueIdentifier>
    </Filter>
  </ItemGroup>
  <ItemGroup>
    <ClCompile Include="main.cpp">
      <Filter>Source Files</Filter>
    </ClCompile>
    <ClCompile Include="src\graphics\window.cpp">
      <Filter>Source Files</Filter>
    </ClCompile>
    <ClCompile Include="src\math\vec2.cpp">
      <Filter>Source Files</Filter>
    </ClCompile>
    <ClCompile Include="src\math\vec3.cpp">
      <Filter>Source Files</Filter>
    </ClCompile>
    <ClCompile Include="src\math\vec4.cpp">
      <Filter>Source Files</Filter>
    </ClCompile>
    <ClCompile Include="src\math\mat4.cpp">
      <Filter>Source Files</Filter>
    </ClCompile>
    <ClCompile Include="src\graphics\shader.cpp">
      <Filter>Source Files</Filter>
    </ClCompile>
    <ClCompile Include="src\graphics\buffers\buffer.cpp">
      <Filter>Source Files</Filter>
    </ClCompile>
    <ClCompile Include="src\graphics\buffers\indexbuffer.cpp">
      <Filter>Source Files</Filter>
    </ClCompile>
    <ClCompile Include="src\graphics\buffers\vertexarray.cpp">
      <Filter>Source Files</Filter>
    </ClCompile>
    <ClCompile Include="src\graphics\simple2drenderer.cpp">
      <Filter>Source Files</Filter>
    </ClCompile>
    <ClCompile Include="src\graphics\batchrenderer2d.cpp">
      <Filter>Source Files</Filter>
    </ClCompile>
    <ClCompile Include="src\graphics\sprite.cpp">
      <Filter>Source Files</Filter>
    </ClCompile>
    <ClCompile Include="src\graphics\static_sprite.cpp">
      <Filter>Source Files</Filter>
    </ClCompile>
    <ClCompile Include="src\graphics\layers\layer.cpp">
      <Filter>Source Files</Filter>
    </ClCompile>
    <ClCompile Include="src\graphics\layers\tilelayer.cpp">
      <Filter>Source Files</Filter>
    </ClCompile>
    <ClCompile Include="src\game\game.cpp">
      <Filter>Source Files</Filter>
    </ClCompile>
    <ClCompile Include="src\graphics\layers\group.cpp">
      <Filter>Source Files</Filter>
    </ClCompile>
    <ClCompile Include="src\game\entity.cpp">
      <Filter>Source Files</Filter>
    </ClCompile>
    <ClCompile Include="src\game\player.cpp">
      <Filter>Source Files</Filter>
    </ClCompile>
    <ClCompile Include="src\graphics\texture.cpp">
      <Filter>Source Files</Filter>
    </ClCompile>
    <ClCompile Include="ext\freetype\src\base\ftbase.c">
      <Filter>Source Files\ext\freetype</Filter>
    </ClCompile>
    <ClCompile Include="ext\freetype\src\autofit\autofit.c">
      <Filter>Source Files\ext\freetype</Filter>
    </ClCompile>
    <ClCompile Include="ext\freetype\src\bdf\bdf.c">
      <Filter>Source Files\ext\freetype</Filter>
    </ClCompile>
    <ClCompile Include="ext\freetype\src\cff\cff.c">
      <Filter>Source Files\ext\freetype</Filter>
    </ClCompile>
    <ClCompile Include="ext\freetype\src\cache\ftcache.c">
      <Filter>Source Files\ext\freetype</Filter>
    </ClCompile>
    <ClCompile Include="ext\freetype\src\base\ftdebug.c">
      <Filter>Source Files\ext\freetype</Filter>
    </ClCompile>
    <ClCompile Include="ext\freetype\src\gzip\ftgzip.c">
      <Filter>Source Files\ext\freetype</Filter>
    </ClCompile>
    <ClCompile Include="ext\freetype\src\base\ftinit.c">
      <Filter>Source Files\ext\freetype</Filter>
    </ClCompile>
    <ClCompile Include="ext\freetype\src\lzw\ftlzw.c">
      <Filter>Source Files\ext\freetype</Filter>
    </ClCompile>
    <ClCompile Include="ext\freetype\src\base\ftsystem.c">
      <Filter>Source Files\ext\freetype</Filter>
    </ClCompile>
    <ClCompile Include="ext\freetype\src\pcf\pcf.c">
      <Filter>Source Files\ext\freetype</Filter>
    </ClCompile>
    <ClCompile Include="ext\freetype\src\pfr\pfr.c">
      <Filter>Source Files\ext\freetype</Filter>
    </ClCompile>
    <ClCompile Include="ext\freetype\src\psaux\psaux.c">
      <Filter>Source Files\ext\freetype</Filter>
    </ClCompile>
    <ClCompile Include="ext\freetype\src\pshinter\pshinter.c">
      <Filter>Source Files\ext\freetype</Filter>
    </ClCompile>
    <ClCompile Include="ext\freetype\src\psnames\psmodule.c">
      <Filter>Source Files\ext\freetype</Filter>
    </ClCompile>
    <ClCompile Include="ext\freetype\src\raster\raster.c">
      <Filter>Source Files\ext\freetype</Filter>
    </ClCompile>
    <ClCompile Include="ext\freetype\src\sfnt\sfnt.c">
      <Filter>Source Files\ext\freetype</Filter>
    </ClCompile>
    <ClCompile Include="ext\freetype\src\smooth\smooth.c">
      <Filter>Source Files\ext\freetype</Filter>
    </ClCompile>
    <ClCompile Include="ext\freetype\src\truetype\truetype.c">
      <Filter>Source Files\ext\freetype</Filter>
    </ClCompile>
    <ClCompile Include="ext\freetype\src\type1\type1.c">
      <Filter>Source Files\ext\freetype</Filter>
    </ClCompile>
    <ClCompile Include="ext\freetype\src\cid\type1cid.c">
      <Filter>Source Files\ext\freetype</Filter>
    </ClCompile>
    <ClCompile Include="ext\freetype\src\type42\type42.c">
      <Filter>Source Files\ext\freetype</Filter>
    </ClCompile>
    <ClCompile Include="ext\freetype\src\winfonts\winfnt.c">
      <Filter>Source Files\ext\freetype</Filter>
    </ClCompile>
    <ClCompile Include="ext\freetype\src\base\ftbbox.c">
      <Filter>Source Files\ext\freetype\FT_MODULES</Filter>
    </ClCompile>
    <ClCompile Include="ext\freetype\src\base\ftbdf.c">
      <Filter>Source Files\ext\freetype\FT_MODULES</Filter>
    </ClCompile>
    <ClCompile Include="ext\freetype\src\base\ftbitmap.c">
      <Filter>Source Files\ext\freetype\FT_MODULES</Filter>
    </ClCompile>
    <ClCompile Include="ext\freetype\src\base\ftcid.c">
      <Filter>Source Files\ext\freetype\FT_MODULES</Filter>
    </ClCompile>
    <ClCompile Include="ext\freetype\src\base\ftfntfmt.c">
      <Filter>Source Files\ext\freetype\FT_MODULES</Filter>
    </ClCompile>
    <ClCompile Include="ext\freetype\src\base\ftfstype.c">
      <Filter>Source Files\ext\freetype\FT_MODULES</Filter>
    </ClCompile>
    <ClCompile Include="ext\freetype\src\base\ftgasp.c">
      <Filter>Source Files\ext\freetype\FT_MODULES</Filter>
    </ClCompile>
    <ClCompile Include="ext\freetype\src\base\ftglyph.c">
      <Filter>Source Files\ext\freetype\FT_MODULES</Filter>
    </ClCompile>
    <ClCompile Include="ext\freetype\src\base\ftgxval.c">
      <Filter>Source Files\ext\freetype\FT_MODULES</Filter>
    </ClCompile>
    <ClCompile Include="ext\freetype\src\base\ftlcdfil.c">
      <Filter>Source Files\ext\freetype\FT_MODULES</Filter>
    </ClCompile>
    <ClCompile Include="ext\freetype\src\base\ftotval.c">
      <Filter>Source Files\ext\freetype\FT_MODULES</Filter>
    </ClCompile>
    <ClCompile Include="ext\freetype\src\base\ftpatent.c">
      <Filter>Source Files\ext\freetype\FT_MODULES</Filter>
    </ClCompile>
    <ClCompile Include="ext\freetype\src\base\ftmm.c">
      <Filter>Source Files\ext\freetype\FT_MODULES</Filter>
    </ClCompile>
    <ClCompile Include="ext\freetype\src\base\ftpfr.c">
      <Filter>Source Files\ext\freetype\FT_MODULES</Filter>
    </ClCompile>
    <ClCompile Include="ext\freetype\src\base\ftstroke.c">
      <Filter>Source Files\ext\freetype\FT_MODULES</Filter>
    </ClCompile>
    <ClCompile Include="ext\freetype\src\base\ftsynth.c">
      <Filter>Source Files\ext\freetype\FT_MODULES</Filter>
    </ClCompile>
    <ClCompile Include="ext\freetype\src\base\fttype1.c">
      <Filter>Source Files\ext\freetype\FT_MODULES</Filter>
    </ClCompile>
    <ClCompile Include="ext\freetype\src\base\ftwinfnt.c">
      <Filter>Source Files\ext\freetype\FT_MODULES</Filter>
    </ClCompile>
    <ClCompile Include="ext\freetype-gl\platform.c">
      <Filter>Source Files\ext\freetype-gl</Filter>
    </ClCompile>
    <ClCompile Include="ext\freetype-gl\texture-atlas.c">
      <Filter>Source Files\ext\freetype-gl</Filter>
    </ClCompile>
    <ClCompile Include="ext\freetype-gl\texture-font.c">
      <Filter>Source Files\ext\freetype-gl</Filter>
    </ClCompile>
    <ClCompile Include="ext\freetype-gl\vector.c">
      <Filter>Source Files\ext\freetype-gl</Filter>
    </ClCompile>
    <ClCompile Include="src\graphics\label.cpp">
      <Filter>Source Files</Filter>
    </ClCompile>
    <!--
    <ClCompile Include="ext\freetype\src\cff\cff.c">
       <Filter>Source Files\ext\freetype</Filter>
    </ClCompile>
    <ClCompile Include="ext\freetype\src\cid\type1cid.c">
       <Filter>Source Files\ext\freetype</Filter>
    </ClCompile>
    <ClCompile Include="ext\freetype\src\gzip\ftgzip.c">
      <Filter>Source Files\ext\freetype</Filter>
    </ClCompile>
    <ClCompile Include="ext\freetype\src\lzw\ftlzw.c">
       <Filter>Source Files\ext\freetype</Filter>
    </ClCompile>
   <ClCompile Include = "ext\freetype\src\pfr\pfr.c">
     <Filter>Source Files\ext\freetype</Filter>
   </ClCompile>
   <ClCompile Include = "ext\freetype\src\pcf\pcf.c">
    <Filter>Source Files\ext\freetype</Filter>
   </ClCompile>
   <ClCompile Include = "ext\freetype\src\psaux\psaux.c">
     <Filter>Source Files\ext\freetype</Filter>
   </ClCompile>
   <ClCompile Include = "ext\freetype\src\pshinter\pshinter.c">
    <Filter>Source Files\ext\freetype</Filter>
   </ClCompile>
   <ClCompile Include = "ext\freetype\src\psnames\psmodule.c">
    <Filter>Source Files\ext\freetype</Filter>
   </ClCompile>
   <ClCompile Include = "ext\freetype\src\raster\raster.c">
     <Filter>Source Files\ext\freetype</Filter>
   </ClCompile>
   <ClCompile Include = "ext\freetype\src\sfnt\sfnt.c">
     <Filter>Source Files\ext\freetype</Filter>
   </ClCompile>
   <ClCompile Include = "ext\freetype\src\smooth\smooth.c">
    <Filter>Source Files\ext\freetype</Filter>
   </ClCompile>
   <ClCompile Include = "ext\freetype\src\truetype\truetype.c">
   
     <Filter>Source Files\ext\freetype</Filter>
   </ClCompile>
   <ClCompile Include = "ext\freetype\src\type1\type1.c">
    <Filter>Source Files\ext\freetype</Filter>
   </ClCompile>
   <ClCompile Include = "ext\freetype\src\type42\type42.c">
    <Filter>Source Files\ext\freetype</Filter>
   </ClCompile>
   <ClCompile Include = "ext\freetype\src\winfonts\winfnt.c">
    <Filter>Source Files\ext\freetype</Filter>
   </ClCompile>
   <ClCompile Include = "..\ftdebug.c">
    <Filter>Source Files\ext\freetype</Filter>
   </ClCompile>
   <ClCompile Include = "ext\freetype\src\base\ftbbox.c">
      <Filter>Source Files\ext\freetype\FT_MODULES</Filter>
   </ClCompile>
    <ClCompile Include="ext\freetype\src\base\ftbdf.c">
       <Filter>Source Files\ext\freetype\FT_MODULES</Filter>

    </ClCompile>
    <ClCompile Include="ext\freetype\src\base\ftbitmap.c">
       <Filter>Source Files\ext\freetype\FT_MODULES</Filter>

    </ClCompile>
    <ClCompile Include="ext\freetype\src\base\ftcid.c">
       <Filter>Source Files\ext\freetype\FT_MODULES</Filter>

    </ClCompile>
    <ClCompile Include="ext\freetype\src\base\ftfntfmt.c">
       <Filter>Source Files\ext\freetype\FT_MODULES</Filter>

    </ClCompile>
    <ClCompile Include="ext\freetype\src\base\ftfstype.c">
       <Filter>Source Files\ext\freetype\FT_MODULES</Filter>

    </ClCompile>
    <ClCompile Include="ext\freetype\src\base\ftgasp.c">
       <Filter>Source Files\ext\freetype\FT_MODULES</Filter>

    </ClCompile>
    <ClCompile Include="ext\freetype\src\base\ftglyph.c">
      <Filter>Source Files\ext\freetype\FT_MODULES</Filter>

    </ClCompile>
    <ClCompile Include="ext\freetype\src\base\ftgxval.c">
      <Filter>Source Files\ext\freetype\FT_MODULES</Filter>

    </ClCompile>
    <ClCompile Include="ext\freetype\src\base\ftlcdfil.c">
      <Filter>Source Files\ext\freetype\FT_MODULES</Filter>

    </ClCompile>
    <ClCompile Include="ext\freetype\src\base\ftmm.c">
      <Filter>Source Files\ext\freetype\FT_MODULES</Filter>

    </ClCompile>
    <ClCompile Include="ext\freetype\src\base\ftotval.c">
      <Filter>Source Files\ext\freetype\FT_MODULES</Filter>

    </ClCompile>
    <ClCompile Include="ext\freetype\src\base\ftpatent.c">
      <Filter>Source Files\ext\freetype\FT_MODULES</Filter>

    </ClCompile>
    <ClCompile Include="ext\freetype\src\base\ftpfr.c">
      <Filter>Source Files\ext\freetype\FT_MODULES</Filter>

    </ClCompile>
    <ClCompile Include="ext\freetype\src\base\ftstroke.c">
       <Filter>Source Files\ext\freetype\FT_MODULES</Filter>

    </ClCompile>
    <ClCompile Include="ext\freetype\src\base\ftsynth.c">
      <Filter>Source Files\ext\freetype\FT_MODULES</Filter>

    </ClCompile>
    <ClCompile Include="ext\freetype\src\base\fttype1.c">
      <Filter>Source Files\ext\freetype\FT_MODULES</Filter>

    </ClCompile>
    <ClCompile> Include="ext\freetype\src\base\ftwinfnt.c">
    <Filter>Source Files\ext\freetype\FT_MODULES</Filter>
  </ClCompile>
-->
  </ItemGroup>
  <ItemGroup>
    <ClInclude Include="src\graphics\window.h">
      <Filter>Header Files</Filter>
    </ClInclude>
    <ClInclude Include="src\math\vec2.h">
      <Filter>Header Files</Filter>
    </ClInclude>
    <ClInclude Include="src\math\vec3.h">
      <Filter>Header Files</Filter>
    </ClInclude>
    <ClInclude Include="src\math\vec4.h">
      <Filter>Header Files</Filter>
    </ClInclude>
    <ClInclude Include="src\math\math.h">
      <Filter>Header Files</Filter>
    </ClInclude>
    <ClInclude Include="src\math\mat4.h">
      <Filter>Header Files</Filter>
    </ClInclude>
    <ClInclude Include="src\math\math_func.h">
      <Filter>Header Files</Filter>
    </ClInclude>
    <ClInclude Include="src\utils\fileutils.h">
      <Filter>Header Files</Filter>
    </ClInclude>
    <ClInclude Include="src\graphics\shader.h">
      <Filter>Header Files</Filter>
    </ClInclude>
    <ClInclude Include="src\graphics\buffers\buffer.h">
      <Filter>Header Files</Filter>
    </ClInclude>
    <ClInclude Include="src\graphics\buffers\indexbuffer.h">
      <Filter>Header Files</Filter>
    </ClInclude>
    <ClInclude Include="src\graphics\buffers\vertexarray.h">
      <Filter>Header Files</Filter>
    </ClInclude>
    <ClInclude Include="src\graphics\renderable2d.h">
      <Filter>Header Files</Filter>
    </ClInclude>
    <ClInclude Include="src\graphics\renderer2d.h">
      <Filter>Header Files</Filter>
    </ClInclude>
    <ClInclude Include="src\graphics\simple2drenderer.h">
      <Filter>Header Files</Filter>
    </ClInclude>
    <ClInclude Include="src\graphics\batchrenderer2d.h">
      <Filter>Header Files</Filter>
    </ClInclude>
    <ClInclude Include="src\graphics\sprite.h">
      <Filter>Header Files</Filter>
    </ClInclude>
    <ClInclude Include="src\graphics\static_sprite.h">
      <Filter>Header Files</Filter>
    </ClInclude>
    <ClInclude Include="src\utils\timer.h">
      <Filter>Header Files</Filter>
    </ClInclude>
    <ClInclude Include="src\graphics\layers\layer.h">
      <Filter>Header Files</Filter>
    </ClInclude>
    <ClInclude Include="src\graphics\layers\tilelayer.h">
      <Filter>Header Files</Filter>
    </ClInclude>
    <ClInclude Include="src\game\game.h">
      <Filter>Header Files</Filter>
    </ClInclude>
    <ClInclude Include="src\graphics\layers\group.h">
      <Filter>Header Files</Filter>
    </ClInclude>
    <ClInclude Include="src\game\entity.h">
      <Filter>Header Files</Filter>
    </ClInclude>
    <ClInclude Include="src\game\player.h">
      <Filter>Header Files</Filter>
    </ClInclude>
    <ClInclude Include="src\graphics\texture.h">
      <Filter>Header Files</Filter>
    </ClInclude>
    <ClInclude Include="src\utils\imageload.h">
      <Filter>Header Files</Filter>
    </ClInclude>
    <ClInclude Include="ext\freetype\include\ft2build.h">
      <Filter>Header Files\ext\freetype</Filter>
    </ClInclude>
    <ClInclude Include="ext\freetype\include\freetype\config\ftconfig.h">
      <Filter>Header Files\ext\freetype</Filter>
    </ClInclude>
    <ClInclude Include="ext\freetype\include\freetype\config\ftheader.h">
      <Filter>Header Files\ext\freetype</Filter>
    </ClInclude>
    <ClInclude Include="ext\freetype\include\freetype\config\ftmodule.h">
      <Filter>Header Files\ext\freetype</Filter>
    </ClInclude>
    <ClInclude Include="ext\freetype\include\freetype\config\ftstdlib.h">
      <Filter>Header Files\ext\freetype</Filter>
    </ClInclude>
    <ClInclude Include="ext\freetype-gl\freetype-gl.h">
      <Filter>Header Files\ext\freetype-gl</Filter>
    </ClInclude>
    <ClInclude Include="ext\freetype-gl\opengl.h">
      <Filter>Header Files\ext\freetype-gl</Filter>
    </ClInclude>
    <ClInclude Include="ext\freetype-gl\platform.h">
      <Filter>Header Files\ext\freetype-gl</Filter>
    </ClInclude>
    <ClInclude Include="ext\freetype-gl\texture-atlas.h">
      <Filter>Header Files\ext\freetype-gl</Filter>
    </ClInclude>
    <ClInclude Include="ext\freetype-gl\texture-font.h">
      <Filter>Header Files\ext\freetype-gl</Filter>
    </ClInclude>
    <ClInclude Include="ext\freetype-gl\vec234.h">
      <Filter>Header Files\ext\freetype-gl</Filter>
    </ClInclude>
    <ClInclude Include="ext\freetype-gl\vector.h">
      <Filter>Header Files\ext\freetype-gl</Filter>
    </ClInclude>
    <ClInclude Include="src\graphics\label.h">
      <Filter>Header Files</Filter>
    </ClInclude>
  </ItemGroup>
  <ItemGroup>
    <None Include="src\shaders\basic.vert" />
    <None Include="src\shaders\basic.frag" />
  </ItemGroup>
</Project>